<?xml version="1.0" encoding="utf-8"?>
<Project ToolsVersion="4.0" xmlns="http://schemas.microsoft.com/developer/msbuild/2003">
  <ItemGroup>
    <Filter Include="Source Files">
      <UniqueIdentifier>{4FC737F1-C7A5-4376-A066-2A32D752A2FF}</UniqueIdentifier>
      <Extensions>cpp;c;cc;cxx;c++;cppm;ixx;def;odl;idl;hpj;bat;asm;asmx</Extensions>
    </Filter>
    <Filter Include="Header Files">
      <UniqueIdentifier>{93995380-89BD-4b04-88EB-625FBE52EBFB}</UniqueIdentifier>
      <Extensions>h;hh;hpp;hxx;h++;hm;inl;inc;ipp;xsd</Extensions>
    </Filter>
    <Filter Include="Resource Files">
      <UniqueIdentifier>{67DA6AB6-F800-4c08-8B7A-83BB121AAD01}</UniqueIdentifier>
      <Extensions>rc;ico;cur;bmp;dlg;rc2;rct;bin;rgs;gif;jpg;jpeg;jpe;resx;tiff;tif;png;wav;mfcribbon-ms</Extensions>
    </Filter>
    <Filter Include="Header Files\types">
      <UniqueIdentifier>{4cf13d90-6f43-4427-ad49-8206c2e8f3fb}</UniqueIdentifier>
    </Filter>
    <Filter Include="Source Files\types">
      <UniqueIdentifier>{b17e9405-e8ab-4fe9-9b24-323c892d856b}</UniqueIdentifier>
    </Filter>
    <Filter Include="Resource Files\Worlds">
      <UniqueIdentifier>{7730f085-7d8c-48f0-ba15-c556fb438508}</UniqueIdentifier>
    </Filter>
    <Filter Include="Resource Files\Worlds\old">
      <UniqueIdentifier>{c7880e89-7353-49a2-8980-f98c6f6632cf}</UniqueIdentifier>
    </Filter>
    <Filter Include="Resource Files\Worlds\world">
      <UniqueIdentifier>{45760748-e3bb-4b60-a815-5859390425e8}</UniqueIdentifier>
    </Filter>
    <Filter Include="Resource Files\Worlds\world\regions">
      <UniqueIdentifier>{b6d3ced4-bf78-4929-af61-ec70c5d48126}</UniqueIdentifier>
    </Filter>
    <Filter Include="Resource Files\Worlds\old\regions">
      <UniqueIdentifier>{65e86123-8cb3-49d8-bf5e-68965f4a7779}</UniqueIdentifier>
    </Filter>
    <Filter Include="Resource Files\reports">
      <UniqueIdentifier>{c5b49a31-f455-4a77-a8f9-8dabc26b22fa}</UniqueIdentifier>
    </Filter>
    <Filter Include="Resource Files\reports\biomes">
      <UniqueIdentifier>{fa47738d-4c61-4e19-8b04-4d4e06fd93c2}</UniqueIdentifier>
    </Filter>
  </ItemGroup>
  <ItemGroup>
    <ClCompile Include="MC stuff.cpp">
      <Filter>Source Files</Filter>
    </ClCompile>
    <ClCompile Include="particle.cpp">
      <Filter>Source Files</Filter>
    </ClCompile>
    <ClCompile Include="player.cpp">
      <Filter>Source Files</Filter>
    </ClCompile>
    <ClCompile Include="message.cpp">
      <Filter>Source Files</Filter>
    </ClCompile>
    <ClCompile Include="options.cpp">
      <Filter>Source Files</Filter>
    </ClCompile>
    <ClCompile Include="log.cpp">
      <Filter>Source Files</Filter>
    </ClCompile>
    <ClCompile Include="command.cpp">
      <Filter>Source Files</Filter>
    </ClCompile>
  </ItemGroup>
  <ItemGroup>
    <ClInclude Include="message.h">
      <Filter>Header Files</Filter>
    </ClInclude>
    <ClInclude Include="particle.h">
      <Filter>Header Files</Filter>
    </ClInclude>
    <ClInclude Include="player.h">
      <Filter>Header Files</Filter>
    </ClInclude>
    <ClInclude Include="options.h">
      <Filter>Header Files</Filter>
    </ClInclude>
    <ClInclude Include="resource.h">
      <Filter>Header Files</Filter>
    </ClInclude>
    <ClInclude Include="log.h">
      <Filter>Header Files</Filter>
    </ClInclude>
    <ClInclude Include="command.h">
      <Filter>Header Files</Filter>
    </ClInclude>
    <ClInclude Include="types\palette.h">
      <Filter>Header Files\types</Filter>
    </ClInclude>
  </ItemGroup>
  <ItemGroup>
    <ResourceCompile Include="MC stuff.rc">
      <Filter>Resource Files</Filter>
    </ResourceCompile>
  </ItemGroup>
  <ItemGroup>
    <None Include="server.properties">
      <Filter>Resource Files</Filter>
    </None>
    <None Include="debug.bin">
      <Filter>Resource Files</Filter>
    </None>
    <None Include="..\README.md">
      <Filter>Resource Files</Filter>
    </None>
    <None Include="worlds\world\characteristics.bin">
      <Filter>Resource Files\Worlds\world</Filter>
    </None>
    <None Include="worlds\old\characteristics.bin">
      <Filter>Resource Files\Worlds\old</Filter>
    </None>
    <None Include="..\reports\blocks.json">
      <Filter>Resource Files\reports</Filter>
    </None>
    <None Include="..\reports\commands.json">
      <Filter>Resource Files\reports</Filter>
    </None>
    <None Include="..\reports\registries.json">
      <Filter>Resource Files\reports</Filter>
    </None>
    <None Include="..\reports\biomes\badlands.json">
      <Filter>Resource Files\reports\biomes</Filter>
    </None>
    <None Include="..\reports\biomes\badlands_plateau.json">
      <Filter>Resource Files\reports\biomes</Filter>
    </None>
    <None Include="..\reports\biomes\bamboo_jungle.json">
      <Filter>Resource Files\reports\biomes</Filter>
    </None>
    <None Include="..\reports\biomes\bamboo_jungle_hills.json">
      <Filter>Resource Files\reports\biomes</Filter>
    </None>
    <None Include="..\reports\biomes\basalt_deltas.json">
      <Filter>Resource Files\reports\biomes</Filter>
    </None>
    <None Include="..\reports\biomes\beach.json">
      <Filter>Resource Files\reports\biomes</Filter>
    </None>
    <None Include="..\reports\biomes\birch_forest.json">
      <Filter>Resource Files\reports\biomes</Filter>
    </None>
    <None Include="..\reports\biomes\birch_forest_hills.json">
      <Filter>Resource Files\reports\biomes</Filter>
    </None>
    <None Include="..\reports\biomes\cold_ocean.json">
      <Filter>Resource Files\reports\biomes</Filter>
    </None>
    <None Include="..\reports\biomes\crimson_forest.json">
      <Filter>Resource Files\reports\biomes</Filter>
    </None>
    <None Include="..\reports\biomes\dark_forest.json">
      <Filter>Resource Files\reports\biomes</Filter>
    </None>
    <None Include="..\reports\biomes\dark_forest_hills.json">
      <Filter>Resource Files\reports\biomes</Filter>
    </None>
    <None Include="..\reports\biomes\deep_cold_ocean.json">
      <Filter>Resource Files\reports\biomes</Filter>
    </None>
    <None Include="..\reports\biomes\deep_frozen_ocean.json">
      <Filter>Resource Files\reports\biomes</Filter>
    </None>
    <None Include="..\reports\biomes\deep_lukewarm_ocean.json">
      <Filter>Resource Files\reports\biomes</Filter>
    </None>
    <None Include="..\reports\biomes\deep_ocean.json">
      <Filter>Resource Files\reports\biomes</Filter>
    </None>
    <None Include="..\reports\biomes\deep_warm_ocean.json">
      <Filter>Resource Files\reports\biomes</Filter>
    </None>
    <None Include="..\reports\biomes\desert.json">
      <Filter>Resource Files\reports\biomes</Filter>
    </None>
    <None Include="..\reports\biomes\desert_hills.json">
      <Filter>Resource Files\reports\biomes</Filter>
    </None>
    <None Include="..\reports\biomes\desert_lakes.json">
      <Filter>Resource Files\reports\biomes</Filter>
    </None>
    <None Include="..\reports\biomes\dripstone_caves.json">
      <Filter>Resource Files\reports\biomes</Filter>
    </None>
    <None Include="..\reports\biomes\end_barrens.json">
      <Filter>Resource Files\reports\biomes</Filter>
    </None>
    <None Include="..\reports\biomes\end_highlands.json">
      <Filter>Resource Files\reports\biomes</Filter>
    </None>
    <None Include="..\reports\biomes\end_midlands.json">
      <Filter>Resource Files\reports\biomes</Filter>
    </None>
    <None Include="..\reports\biomes\eroded_badlands.json">
      <Filter>Resource Files\reports\biomes</Filter>
    </None>
    <None Include="..\reports\biomes\flower_forest.json">
      <Filter>Resource Files\reports\biomes</Filter>
    </None>
    <None Include="..\reports\biomes\forest.json">
      <Filter>Resource Files\reports\biomes</Filter>
    </None>
    <None Include="..\reports\biomes\frozen_ocean.json">
      <Filter>Resource Files\reports\biomes</Filter>
    </None>
    <None Include="..\reports\biomes\frozen_river.json">
      <Filter>Resource Files\reports\biomes</Filter>
    </None>
    <None Include="..\reports\biomes\giant_spruce_taiga.json">
      <Filter>Resource Files\reports\biomes</Filter>
    </None>
    <None Include="..\reports\biomes\giant_spruce_taiga_hills.json">
      <Filter>Resource Files\reports\biomes</Filter>
    </None>
    <None Include="..\reports\biomes\giant_tree_taiga.json">
      <Filter>Resource Files\reports\biomes</Filter>
    </None>
    <None Include="..\reports\biomes\giant_tree_taiga_hills.json">
      <Filter>Resource Files\reports\biomes</Filter>
    </None>
    <None Include="..\reports\biomes\gravelly_mountains.json">
      <Filter>Resource Files\reports\biomes</Filter>
    </None>
    <None Include="..\reports\biomes\ice_spikes.json">
      <Filter>Resource Files\reports\biomes</Filter>
    </None>
    <None Include="..\reports\biomes\jungle.json">
      <Filter>Resource Files\reports\biomes</Filter>
    </None>
    <None Include="..\reports\biomes\jungle_edge.json">
      <Filter>Resource Files\reports\biomes</Filter>
    </None>
    <None Include="..\reports\biomes\jungle_hills.json">
      <Filter>Resource Files\reports\biomes</Filter>
    </None>
    <None Include="..\reports\biomes\lukewarm_ocean.json">
      <Filter>Resource Files\reports\biomes</Filter>
    </None>
    <None Include="..\reports\biomes\lush_caves.json">
      <Filter>Resource Files\reports\biomes</Filter>
    </None>
    <None Include="..\reports\biomes\modified_badlands_plateau.json">
      <Filter>Resource Files\reports\biomes</Filter>
    </None>
    <None Include="..\reports\biomes\modified_gravelly_mountains.json">
      <Filter>Resource Files\reports\biomes</Filter>
    </None>
    <None Include="..\reports\biomes\modified_jungle.json">
      <Filter>Resource Files\reports\biomes</Filter>
    </None>
    <None Include="..\reports\biomes\modified_jungle_edge.json">
      <Filter>Resource Files\reports\biomes</Filter>
    </None>
    <None Include="..\reports\biomes\modified_wooded_badlands_plateau.json">
      <Filter>Resource Files\reports\biomes</Filter>
    </None>
    <None Include="..\reports\biomes\mountain_edge.json">
      <Filter>Resource Files\reports\biomes</Filter>
    </None>
    <None Include="..\reports\biomes\mountains.json">
      <Filter>Resource Files\reports\biomes</Filter>
    </None>
    <None Include="..\reports\biomes\mushroom_field_shore.json">
      <Filter>Resource Files\reports\biomes</Filter>
    </None>
    <None Include="..\reports\biomes\mushroom_fields.json">
      <Filter>Resource Files\reports\biomes</Filter>
    </None>
    <None Include="..\reports\biomes\nether_wastes.json">
      <Filter>Resource Files\reports\biomes</Filter>
    </None>
    <None Include="..\reports\biomes\ocean.json">
      <Filter>Resource Files\reports\biomes</Filter>
    </None>
    <None Include="..\reports\biomes\plains.json">
      <Filter>Resource Files\reports\biomes</Filter>
    </None>
    <None Include="..\reports\biomes\river.json">
      <Filter>Resource Files\reports\biomes</Filter>
    </None>
    <None Include="..\reports\biomes\savanna.json">
      <Filter>Resource Files\reports\biomes</Filter>
    </None>
    <None Include="..\reports\biomes\savanna_plateau.json">
      <Filter>Resource Files\reports\biomes</Filter>
    </None>
    <None Include="..\reports\biomes\shattered_savanna.json">
      <Filter>Resource Files\reports\biomes</Filter>
    </None>
    <None Include="..\reports\biomes\shattered_savanna_plateau.json">
      <Filter>Resource Files\reports\biomes</Filter>
    </None>
    <None Include="..\reports\biomes\small_end_islands.json">
      <Filter>Resource Files\reports\biomes</Filter>
    </None>
    <None Include="..\reports\biomes\snowy_beach.json">
      <Filter>Resource Files\reports\biomes</Filter>
    </None>
    <None Include="..\reports\biomes\snowy_mountains.json">
      <Filter>Resource Files\reports\biomes</Filter>
    </None>
    <None Include="..\reports\biomes\snowy_taiga.json">
      <Filter>Resource Files\reports\biomes</Filter>
    </None>
    <None Include="..\reports\biomes\snowy_taiga_hills.json">
      <Filter>Resource Files\reports\biomes</Filter>
    </None>
    <None Include="..\reports\biomes\snowy_taiga_mountains.json">
      <Filter>Resource Files\reports\biomes</Filter>
    </None>
    <None Include="..\reports\biomes\snowy_tundra.json">
      <Filter>Resource Files\reports\biomes</Filter>
    </None>
    <None Include="..\reports\biomes\soul_sand_valley.json">
      <Filter>Resource Files\reports\biomes</Filter>
    </None>
    <None Include="..\reports\biomes\stone_shore.json">
      <Filter>Resource Files\reports\biomes</Filter>
    </None>
    <None Include="..\reports\biomes\sunflower_plains.json">
      <Filter>Resource Files\reports\biomes</Filter>
    </None>
    <None Include="..\reports\biomes\swamp.json">
      <Filter>Resource Files\reports\biomes</Filter>
    </None>
    <None Include="..\reports\biomes\swamp_hills.json">
      <Filter>Resource Files\reports\biomes</Filter>
    </None>
    <None Include="..\reports\biomes\taiga.json">
      <Filter>Resource Files\reports\biomes</Filter>
    </None>
    <None Include="..\reports\biomes\taiga_hills.json">
      <Filter>Resource Files\reports\biomes</Filter>
    </None>
    <None Include="..\reports\biomes\taiga_mountains.json">
      <Filter>Resource Files\reports\biomes</Filter>
    </None>
    <None Include="..\reports\biomes\tall_birch_forest.json">
      <Filter>Resource Files\reports\biomes</Filter>
    </None>
    <None Include="..\reports\biomes\tall_birch_hills.json">
      <Filter>Resource Files\reports\biomes</Filter>
    </None>
    <None Include="..\reports\biomes\the_end.json">
      <Filter>Resource Files\reports\biomes</Filter>
    </None>
    <None Include="..\reports\biomes\the_void.json">
      <Filter>Resource Files\reports\biomes</Filter>
    </None>
    <None Include="..\reports\biomes\warm_ocean.json">
      <Filter>Resource Files\reports\biomes</Filter>
    </None>
    <None Include="..\reports\biomes\warped_forest.json">
      <Filter>Resource Files\reports\biomes</Filter>
    </None>
    <None Include="..\reports\biomes\wooded_badlands_plateau.json">
      <Filter>Resource Files\reports\biomes</Filter>
    </None>
    <None Include="..\reports\biomes\wooded_hills.json">
      <Filter>Resource Files\reports\biomes</Filter>
    </None>
    <None Include="..\reports\biomes\wooded_mountains.json">
      <Filter>Resource Files\reports\biomes</Filter>
    </None>
  </ItemGroup>
  <ItemGroup>
    <Text Include="debug.txt">
      <Filter>Resource Files</Filter>
    </Text>
    <Text Include="worlds\worldList.txt">
      <Filter>Resource Files\Worlds</Filter>
    </Text>
  </ItemGroup>
</Project>